{"SurveyEntry":{"SurveyID":"SV_1Hu3SGwrlsGTbxA","SurveyName":"Policy Survey","SurveyDescription":null,"SurveyOwnerID":"UR_2gE4VkZfxJB6ScC","SurveyBrandID":"uibkbf","DivisionID":null,"SurveyLanguage":"EN","SurveyActiveResponseSet":"RS_eF0suEhtPJeHwQS","SurveyStatus":"Active","SurveyStartDate":"0000-00-00 00:00:00","SurveyExpirationDate":"0000-00-00 00:00:00","SurveyCreationDate":"2024-11-12 14:00:33","CreatorID":"UR_2gE4VkZfxJB6ScC","LastModified":"2024-11-19 03:04:41","LastAccessed":"0000-00-00 00:00:00","LastActivated":"2024-11-12 14:06:49","Deleted":null},"SurveyElements":[{"SurveyID":"SV_1Hu3SGwrlsGTbxA","Element":"BL","PrimaryAttribute":"Survey Blocks","SecondaryAttribute":null,"TertiaryAttribute":null,"Payload":[{"Type":"Default","Description":"Transition","ID":"BL_50TYr944bg1NB6C","BlockElements":[{"Type":"Question","QuestionID":"QID1"}]},{"Type":"Trash","Description":"Trash \/ Unused Questions","ID":"BL_7Og369WGi7ObEii","BlockElements":[],"Options":{"BlockLocking":"false","RandomizeQuestions":"false","BlockVisibility":"Collapsed"}},{"Type":"Standard","SubType":"","Description":"Demographics","ID":"BL_9NeJYbhu57xBkZo","BlockElements":[{"Type":"Question","QuestionID":"QID4"},{"Type":"Question","QuestionID":"QID3"},{"Type":"Question","QuestionID":"QID5"},{"Type":"Question","QuestionID":"QID6"},{"Type":"Question","QuestionID":"QID7"}]},{"Type":"Standard","SubType":"","Description":"Demographics and Socioeconomics","ID":"BL_5pSZ3swz714DwZ8","BlockElements":[{"Type":"Question","QuestionID":"QID8"},{"Type":"Question","QuestionID":"QID9"},{"Type":"Question","QuestionID":"QID10"},{"Type":"Question","QuestionID":"QID11"}]},{"Type":"Standard","SubType":"","Description":"Political Views","ID":"BL_87FvphmHtOVgLd4","BlockElements":[{"Type":"Question","QuestionID":"QID13"},{"Type":"Question","QuestionID":"QID14"}]},{"Type":"Standard","SubType":"","Description":"Private Behavior","ID":"BL_e9hoaqetUaIRJuC","BlockElements":[{"Type":"Question","QuestionID":"QID15"},{"Type":"Question","QuestionID":"QID16"},{"Type":"Question","QuestionID":"QID17"},{"Type":"Question","QuestionID":"QID18"}]},{"Type":"Standard","SubType":"","Description":"Trust","ID":"BL_eDvGJii6Eygcw6y","BlockElements":[{"Type":"Question","QuestionID":"QID19"}]},{"Type":"Standard","SubType":"","Description":"Limit GHG","ID":"BL_bJjIQGHueWJnG62","BlockElements":[{"Type":"Question","QuestionID":"QID20"},{"Type":"Question","QuestionID":"QID26"},{"Type":"Question","QuestionID":"QID27"},{"Type":"Question","QuestionID":"QID28"},{"Type":"Question","QuestionID":"QID29"}]},{"Type":"Standard","SubType":"","Description":"Support","ID":"BL_eLjhFN42Tuug4t0","BlockElements":[{"Type":"Question","QuestionID":"QID30"},{"Type":"Question","QuestionID":"QID31"},{"Type":"Question","QuestionID":"QID32"},{"Type":"Question","QuestionID":"QID53"}]},{"Type":"Standard","SubType":"","Description":"Social Carbon Pricing","ID":"BL_3E3P677owtthg6q","BlockElements":[{"Type":"Question","QuestionID":"QID34"},{"Type":"Question","QuestionID":"QID33"},{"Type":"Page Break"},{"Type":"Question","QuestionID":"QID35"},{"Type":"Question","QuestionID":"QID36"},{"Type":"Page Break"},{"Type":"Question","QuestionID":"QID37"}]},{"Type":"Standard","SubType":"","Description":"Consequences","ID":"BL_afNBe9ytT37LVQy","BlockElements":[{"Type":"Question","QuestionID":"QID38"},{"Type":"Question","QuestionID":"QID39"},{"Type":"Question","QuestionID":"QID40"},{"Type":"Question","QuestionID":"QID41"},{"Type":"Question","QuestionID":"QID42"},{"Type":"Question","QuestionID":"QID43"},{"Type":"Question","QuestionID":"QID44"},{"Type":"Question","QuestionID":"QID45"}]},{"Type":"Standard","SubType":"","Description":"Net Zero and Affect","ID":"BL_b9HYp5jidOESKkm","BlockElements":[{"Type":"Question","QuestionID":"QID46"},{"Type":"Question","QuestionID":"QID47"}]},{"Type":"Standard","SubType":"","Description":"Effects","ID":"BL_aXlq3zRQqAC8EUC","BlockElements":[{"Type":"Question","QuestionID":"QID48"},{"Type":"Question","QuestionID":"QID49"},{"Type":"Question","QuestionID":"QID50"},{"Type":"Question","QuestionID":"QID51"},{"Type":"Question","QuestionID":"QID52"}]}]},{"SurveyID":"SV_1Hu3SGwrlsGTbxA","Element":"FL","PrimaryAttribute":"Survey Flow","SecondaryAttribute":null,"TertiaryAttribute":null,"Payload":{"Type":"Root","FlowID":"FL_1","Flow":[{"Type":"Block","ID":"BL_50TYr944bg1NB6C","FlowID":"FL_2","Autofill":[]},{"Type":"Standard","ID":"BL_9NeJYbhu57xBkZo","FlowID":"FL_3","Autofill":[]},{"Type":"Standard","ID":"BL_5pSZ3swz714DwZ8","FlowID":"FL_4","Autofill":[]},{"Type":"Standard","ID":"BL_87FvphmHtOVgLd4","FlowID":"FL_5","Autofill":[]},{"Type":"Standard","ID":"BL_e9hoaqetUaIRJuC","FlowID":"FL_6","Autofill":[]},{"Type":"Standard","ID":"BL_eDvGJii6Eygcw6y","FlowID":"FL_7","Autofill":[]},{"Type":"Standard","ID":"BL_bJjIQGHueWJnG62","FlowID":"FL_8","Autofill":[]},{"Type":"Standard","ID":"BL_eLjhFN42Tuug4t0","FlowID":"FL_9","Autofill":[]},{"Type":"Standard","ID":"BL_3E3P677owtthg6q","FlowID":"FL_10","Autofill":[]},{"Type":"Standard","ID":"BL_afNBe9ytT37LVQy","FlowID":"FL_11","Autofill":[]},{"Type":"Standard","ID":"BL_b9HYp5jidOESKkm","FlowID":"FL_12","Autofill":[]},{"Type":"Standard","ID":"BL_aXlq3zRQqAC8EUC","FlowID":"FL_13","Autofill":[]},{"Type":"EndSurvey","FlowID":"FL_14","EndingType":"Advanced","Options":{"Advanced":"true","SurveyTermination":"Redirect","EOSRedirectURL":"https:\/\/manydesignscarbon.online\/completed"}}],"Properties":{"Count":14}}},{"SurveyID":"SV_1Hu3SGwrlsGTbxA","Element":"PL","PrimaryAttribute":"Preview Link","SecondaryAttribute":null,"TertiaryAttribute":null,"Payload":{"PreviewType":"Brand","PreviewID":"038c6d26-03f3-483f-979e-9244e37eff8e"}},{"SurveyID":"SV_1Hu3SGwrlsGTbxA","Element":"SO","PrimaryAttribute":"Survey Options","SecondaryAttribute":null,"TertiaryAttribute":null,"Payload":{"BackButton":"false","SaveAndContinue":"true","SurveyProtection":"PublicSurvey","BallotBoxStuffingPrevention":"false","NoIndex":"Yes","SecureResponseFiles":"true","SurveyExpiration":"None","SurveyTermination":"DefaultMessage","Header":"","Footer":"","ProgressBarDisplay":"None","PartialData":"+1 week","ValidationMessage":"","PreviousButton":"","NextButton":"","SurveyTitle":"Qualtrics Survey | Qualtrics Experience Management","SkinLibrary":"Qualtrics","SkinType":"templated","Skin":{"brandingId":null,"templateId":"*base","overrides":null},"NewScoring":1,"SurveyMetaDescription":"The most powerful, simple and trusted way to gather experience data. Start your journey to experience management and try a free account today."}},{"SurveyID":"SV_1Hu3SGwrlsGTbxA","Element":"SCO","PrimaryAttribute":"Scoring","SecondaryAttribute":null,"TertiaryAttribute":null,"Payload":{"ScoringCategories":[],"ScoringCategoryGroups":[],"ScoringSummaryCategory":null,"ScoringSummaryAfterQuestions":0,"ScoringSummaryAfterSurvey":0,"DefaultScoringCategory":null,"AutoScoringCategory":null}},{"SurveyID":"SV_1Hu3SGwrlsGTbxA","Element":"PROJ","PrimaryAttribute":"CORE","SecondaryAttribute":null,"TertiaryAttribute":"1.1.0","Payload":{"ProjectCategory":"CORE","SchemaVersion":"1.1.0"}},{"SurveyID":"SV_1Hu3SGwrlsGTbxA","Element":"STAT","PrimaryAttribute":"Survey Statistics","SecondaryAttribute":null,"TertiaryAttribute":null,"Payload":{"MobileCompatible":true,"ID":"Survey Statistics"}},{"SurveyID":"SV_1Hu3SGwrlsGTbxA","Element":"QC","PrimaryAttribute":"Survey Question Count","SecondaryAttribute":"53","TertiaryAttribute":null,"Payload":null},{"SurveyID":"SV_1Hu3SGwrlsGTbxA","Element":"SQ","PrimaryAttribute":"QID4","SecondaryAttribute":"age","TertiaryAttribute":null,"Payload":{"QuestionText":"What is your age?","DefaultChoices":false,"DataExportTag":"age","QuestionType":"TE","Selector":"SL","DataVisibility":{"Private":false,"Hidden":false},"Configuration":{"QuestionDescriptionOption":"SpecifyLabel","InputWidth":211,"InputHeight":29},"QuestionDescription":"age","Validation":{"Settings":{"ForceResponse":"ON","ForceResponseType":"ON","Type":"ContentType","MinChars":"1","ContentType":"ValidNumber","ValidDateType":"DateWithFormat","ValidPhoneType":"ValidUSPhone","ValidZipType":"ValidUSZip","ValidNumber":{"Min":"0","Max":"100","NumDecimals":"0"}}},"GradingData":[],"Language":[],"NextChoiceId":4,"NextAnswerId":1,"SearchSource":{"AllowFreeResponse":"false"},"QuestionID":"QID4"}},{"SurveyID":"SV_1Hu3SGwrlsGTbxA","Element":"SQ","PrimaryAttribute":"QID8","SecondaryAttribute":"agglomeration","TertiaryAttribute":null,"Payload":{"QuestionText":"Do you live in a rural or an urban area? I live in:","DefaultChoices":false,"DataExportTag":"agglomeration","QuestionType":"MC","Selector":"DL","DataVisibility":{"Private":false,"Hidden":false},"Configuration":{"QuestionDescriptionOption":"SpecifyLabel"},"QuestionDescription":"agglomeration","Choices":{"1":{"Display":"A rural area"},"2":{"Display":"A small town (5,000 - 20,000 inhabitants)"},"3":{"Display":"A large town (20,000 - 50,000 inhabitants)"},"4":{"Display":"A small city or its suburbs (50,000 - 250,000 inhabitants)"},"5":{"Display":"A large city or its suburbs (250,000 - 3,000,000 inhabitants)"},"6":{"Display":"A very large city or its suburbs (more than 3 million inhabitants)"}},"ChoiceOrder":["1","2","3","4","5","6"],"Validation":{"Settings":{"ForceResponse":"ON","ForceResponseType":"ON","Type":"None"}},"GradingData":[],"Language":[],"NextChoiceId":7,"NextAnswerId":1,"QuestionID":"QID8"}},{"SurveyID":"SV_1Hu3SGwrlsGTbxA","Element":"SQ","PrimaryAttribute":"QID18","SecondaryAttribute":"beef_cons","TertiaryAttribute":null,"Payload":{"QuestionText":"How often do you eat beef?","DefaultChoices":false,"DataExportTag":"beef_cons","QuestionType":"MC","Selector":"DL","DataVisibility":{"Private":false,"Hidden":false},"Configuration":{"QuestionDescriptionOption":"SpecifyLabel"},"QuestionDescription":"beef_cons","Choices":{"1":{"Display":"Never"},"2":{"Display":"Less than once a week"},"3":{"Display":"One to four times per week"},"4":{"Display":"Almost or at least daily"}},"ChoiceOrder":["1","2","3","4"],"Validation":{"Settings":{"ForceResponse":"ON","ForceResponseType":"ON","Type":"None"}},"GradingData":[],"Language":[],"NextChoiceId":5,"NextAnswerId":1,"QuestionID":"QID18"}},{"SurveyID":"SV_1Hu3SGwrlsGTbxA","Element":"SQ","PrimaryAttribute":"QID46","SecondaryAttribute":"beliefs_netzero","TertiaryAttribute":null,"Payload":{"QuestionText":"To what extent do you think that it is technically feasible to stop greenhouse gas emissions (\u201cnet-zero\u201d) by the end of the century while maintaining satisfactory standards of living in the U.S.?&nbsp;","DefaultChoices":false,"DataExportTag":"beliefs_netzero","QuestionID":"QID46","QuestionType":"MC","Selector":"SAHR","SubSelector":"TX","DataVisibility":{"Private":false,"Hidden":false},"Configuration":{"QuestionDescriptionOption":"SpecifyLabel","TextPosition":"inline","LabelPosition":"BELOW"},"QuestionDescription":"beliefs_netzero","Choices":{"1":{"Display":"Not at all"},"2":{"Display":"A little"},"3":{"Display":"Moderately"},"4":{"Display":"A lot"},"5":{"Display":"A great deal"}},"ChoiceOrder":["1","2","3","4","5"],"Validation":{"Settings":{"ForceResponse":"ON","ForceResponseType":"ON","Type":"None"}},"GradingData":[],"Language":[],"NextChoiceId":6,"NextAnswerId":4}},{"SurveyID":"SV_1Hu3SGwrlsGTbxA","Element":"SQ","PrimaryAttribute":"QID47","SecondaryAttribute":"beliefs_own","TertiaryAttribute":null,"Payload":{"QuestionText":"To what extent do you think climate change already affects or will soon affect your personal life negatively?&nbsp;","DefaultChoices":false,"DataExportTag":"beliefs_own","QuestionType":"MC","Selector":"SAHR","SubSelector":"TX","DataVisibility":{"Private":false,"Hidden":false},"Configuration":{"QuestionDescriptionOption":"SpecifyLabel","LabelPosition":"BELOW"},"QuestionDescription":"beliefs_own","Choices":{"1":{"Display":"Not at all"},"2":{"Display":"A little"},"3":{"Display":"Moderately"},"4":{"Display":"A lot"},"5":{"Display":"A great deal"}},"ChoiceOrder":["1","2","3","4","5"],"Validation":{"Settings":{"ForceResponse":"ON","ForceResponseType":"ON","Type":"None"}},"GradingData":[],"Language":[],"NextChoiceId":6,"NextAnswerId":4,"QuestionID":"QID47"}},{"SurveyID":"SV_1Hu3SGwrlsGTbxA","Element":"SQ","PrimaryAttribute":"QID9","SecondaryAttribute":"children","TertiaryAttribute":null,"Payload":{"QuestionText":"How many children do you have?","DefaultChoices":false,"DataExportTag":"children","QuestionType":"MC","Selector":"DL","DataVisibility":{"Private":false,"Hidden":false},"Configuration":{"QuestionDescriptionOption":"SpecifyLabel"},"QuestionDescription":"children","Choices":{"1":{"Display":"0"},"2":{"Display":"1"},"3":{"Display":"2"},"4":{"Display":"3"},"5":{"Display":"4 or more"}},"ChoiceOrder":["1","2","3","4","5"],"Validation":{"Settings":{"ForceResponse":"ON","ForceResponseType":"ON","Type":"None"}},"GradingData":[],"Language":[],"NextChoiceId":6,"NextAnswerId":1,"QuestionID":"QID9"}},{"SurveyID":"SV_1Hu3SGwrlsGTbxA","Element":"SQ","PrimaryAttribute":"QID16","SecondaryAttribute":"costs_gas","TertiaryAttribute":null,"Payload":{"QuestionText":"In a typical month, how much do you spend on gas for driving?","DefaultChoices":false,"DataExportTag":"costs_gas","QuestionType":"MC","Selector":"DL","DataVisibility":{"Private":false,"Hidden":false},"Configuration":{"QuestionDescriptionOption":"SpecifyLabel"},"QuestionDescription":"costs_gas","Choices":{"1":{"Display":"Less than $5"},"2":{"Display":"$5-$25"},"3":{"Display":"$25-$75"},"4":{"Display":"$75-$125"},"5":{"Display":"$125-$175"},"6":{"Display":"$175-$225"},"7":{"Display":"More than $225"}},"ChoiceOrder":["1","2","3","4","5","6","7"],"Validation":{"Settings":{"ForceResponse":"ON","ForceResponseType":"ON","Type":"None"}},"GradingData":[],"Language":[],"NextChoiceId":8,"NextAnswerId":1,"QuestionID":"QID16"}},{"SurveyID":"SV_1Hu3SGwrlsGTbxA","Element":"SQ","PrimaryAttribute":"QID6","SecondaryAttribute":"country_birth","TertiaryAttribute":null,"Payload":{"QuestionText":"What is your country of birth?","DefaultChoices":false,"DataExportTag":"country_birth","QuestionID":"QID6","QuestionType":"MC","Selector":"DL","DataVisibility":{"Private":false,"Hidden":false},"Configuration":{"QuestionDescriptionOption":"SpecifyLabel"},"QuestionDescription":"country_birth","Choices":{"198":{"Display":"Afghanistan"},"199":{"Display":"Albania"},"200":{"Display":"Algeria"},"201":{"Display":"Andorra"},"202":{"Display":"Angola"},"203":{"Display":"Antigua and Barbuda"},"204":{"Display":"Argentina"},"205":{"Display":"Armenia"},"206":{"Display":"Australia"},"207":{"Display":"Austria"},"208":{"Display":"Azerbaijan"},"209":{"Display":"Bahamas"},"210":{"Display":"Bahrain"},"211":{"Display":"Bangladesh"},"212":{"Display":"Barbados"},"213":{"Display":"Belarus"},"214":{"Display":"Belgium"},"215":{"Display":"Belize"},"216":{"Display":"Benin"},"217":{"Display":"Bhutan"},"218":{"Display":"Bolivia"},"219":{"Display":"Bosnia and Herzegovina"},"220":{"Display":"Botswana"},"221":{"Display":"Brazil"},"222":{"Display":"Brunei"},"223":{"Display":"Bulgaria"},"224":{"Display":"Burkina Faso"},"225":{"Display":"Burundi"},"226":{"Display":"Cabo Verde"},"227":{"Display":"Cambodia"},"228":{"Display":"Cameroon"},"229":{"Display":"Canada"},"230":{"Display":"Central African Republic"},"231":{"Display":"Chad"},"232":{"Display":"Chile"},"233":{"Display":"China"},"234":{"Display":"Colombia"},"235":{"Display":"Comoros"},"236":{"Display":"Congo (Congo-Brazzaville)"},"237":{"Display":"Costa Rica"},"238":{"Display":"Croatia"},"239":{"Display":"Cuba"},"240":{"Display":"Cyprus"},"241":{"Display":"Czechia (Czech Republic)"},"242":{"Display":"Denmark"},"243":{"Display":"Djibouti"},"244":{"Display":"Dominica"},"245":{"Display":"Dominican Republic"},"246":{"Display":"Ecuador"},"247":{"Display":"Egypt"},"248":{"Display":"El Salvador"},"249":{"Display":"Equatorial Guinea"},"250":{"Display":"Eritrea"},"251":{"Display":"Estonia"},"252":{"Display":"Eswatini (fmr. 'Swaziland')"},"253":{"Display":"Ethiopia"},"254":{"Display":"Fiji"},"255":{"Display":"Finland"},"256":{"Display":"France"},"257":{"Display":"Gabon"},"258":{"Display":"Gambia"},"259":{"Display":"Georgia"},"260":{"Display":"Germany"},"261":{"Display":"Ghana"},"262":{"Display":"Greece"},"263":{"Display":"Grenada"},"264":{"Display":"Guatemala"},"265":{"Display":"Guinea"},"266":{"Display":"Guinea-Bissau"},"267":{"Display":"Guyana"},"268":{"Display":"Haiti"},"269":{"Display":"Holy See"},"270":{"Display":"Honduras"},"271":{"Display":"Hungary"},"272":{"Display":"Iceland"},"273":{"Display":"India"},"274":{"Display":"Indonesia"},"275":{"Display":"Iran"},"276":{"Display":"Iraq"},"277":{"Display":"Ireland"},"278":{"Display":"Israel"},"279":{"Display":"Italy"},"280":{"Display":"Jamaica"},"281":{"Display":"Japan"},"282":{"Display":"Jordan"},"283":{"Display":"Kazakhstan"},"284":{"Display":"Kenya"},"285":{"Display":"Kiribati"},"286":{"Display":"Korea (North)"},"287":{"Display":"Korea (South)"},"288":{"Display":"Kosovo"},"289":{"Display":"Kuwait"},"290":{"Display":"Kyrgyzstan"},"291":{"Display":"Laos"},"292":{"Display":"Latvia"},"293":{"Display":"Lebanon"},"294":{"Display":"Lesotho"},"295":{"Display":"Liberia"},"296":{"Display":"Libya"},"297":{"Display":"Liechtenstein"},"298":{"Display":"Lithuania"},"299":{"Display":"Luxembourg"},"300":{"Display":"Madagascar"},"301":{"Display":"Malawi"},"302":{"Display":"Malaysia"},"303":{"Display":"Maldives"},"304":{"Display":"Mali"},"305":{"Display":"Malta"},"306":{"Display":"Marshall Islands"},"307":{"Display":"Mauritania"},"308":{"Display":"Mauritius"},"309":{"Display":"Mexico"},"310":{"Display":"Micronesia"},"311":{"Display":"Moldova"},"312":{"Display":"Monaco"},"313":{"Display":"Mongolia"},"314":{"Display":"Montenegro"},"315":{"Display":"Morocco"},"316":{"Display":"Mozambique"},"317":{"Display":"Myanmar (formerly Burma)"},"318":{"Display":"Namibia"},"319":{"Display":"Nauru"},"320":{"Display":"Nepal"},"321":{"Display":"Netherlands"},"322":{"Display":"New Zealand"},"323":{"Display":"Nicaragua"},"324":{"Display":"Niger"},"325":{"Display":"Nigeria"},"326":{"Display":"North Macedonia (formerly Macedonia)"},"327":{"Display":"Norway"},"328":{"Display":"Oman"},"329":{"Display":"Pakistan"},"330":{"Display":"Palau"},"331":{"Display":"Palestine State"},"332":{"Display":"Panama"},"333":{"Display":"Papua New Guinea"},"334":{"Display":"Paraguay"},"335":{"Display":"Peru"},"336":{"Display":"Philippines"},"337":{"Display":"Poland"},"338":{"Display":"Portugal"},"339":{"Display":"Qatar"},"340":{"Display":"Romania"},"341":{"Display":"Russia"},"342":{"Display":"Rwanda"},"343":{"Display":"Saint Kitts and Nevis"},"344":{"Display":"Saint Lucia"},"345":{"Display":"Saint Vincent and the Grenadines"},"346":{"Display":"Samoa"},"347":{"Display":"San Marino"},"348":{"Display":"Sao Tome and Principe"},"349":{"Display":"Saudi Arabia"},"350":{"Display":"Senegal"},"351":{"Display":"Serbia"},"352":{"Display":"Seychelles"},"353":{"Display":"Sierra Leone"},"354":{"Display":"Singapore"},"355":{"Display":"Slovakia"},"356":{"Display":"Slovenia"},"357":{"Display":"Solomon Islands"},"358":{"Display":"Somalia"},"359":{"Display":"South Africa"},"360":{"Display":"South Sudan"},"361":{"Display":"Spain"},"362":{"Display":"Sri Lanka"},"363":{"Display":"Sudan"},"364":{"Display":"Suriname"},"365":{"Display":"Sweden"},"366":{"Display":"Switzerland"},"367":{"Display":"Syria"},"368":{"Display":"Tajikistan"},"369":{"Display":"Tanzania"},"370":{"Display":"Thailand"},"371":{"Display":"Timor-Leste"},"372":{"Display":"Togo"},"373":{"Display":"Tonga"},"374":{"Display":"Trinidad and Tobago"},"375":{"Display":"Tunisia"},"376":{"Display":"Turkey"},"377":{"Display":"Turkmenistan"},"378":{"Display":"Tuvalu"},"379":{"Display":"Uganda"},"380":{"Display":"Ukraine"},"381":{"Display":"United Arab Emirates"},"382":{"Display":"United Kingdom"},"383":{"Display":"United States of America"},"384":{"Display":"Uruguay"},"385":{"Display":"Uzbekistan"},"386":{"Display":"Vanuatu"},"387":{"Display":"Venezuela"},"388":{"Display":"Vietnam"},"389":{"Display":"Yemen"},"390":{"Display":"Zambia"},"391":{"Display":"Zimbabwe"}},"ChoiceOrder":["198","199","200","201","202","203","204","205","206","207","208","209","210","211","212","213","214","215","216","217","218","219","220","221","222","223","224","225","226","227","228","229","230","231","232","233","234","235","236","237","238","239","240","241","242","243","244","245","246","247","248","249","250","251","252","253","254","255","256","257","258","259","260","261","262","263","264","265","266","267","268","269","270","271","272","273","274","275","276","277","278","279","280","281","282","283","284","285","286","287","288","289","290","291","292","293","294","295","296","297","298","299","300","301","302","303","304","305","306","307","308","309","310","311","312","313","314","315","316","317","318","319","320","321","322","323","324","325","326","327","328","329","330","331","332","333","334","335","336","337","338","339","340","341","342","343","344","345","346","347","348","349","350","351","352","353","354","355","356","357","358","359","360","361","362","363","364","365","366","367","368","369","370","371","372","373","374","375","376","377","378","379","380","381","382","383","384","385","386","387","388","389","390","391"],"Validation":{"Settings":{"ForceResponse":"ON","ForceResponseType":"ON","Type":"None"}},"GradingData":[],"Language":[],"NextChoiceId":392,"NextAnswerId":1}},{"SurveyID":"SV_1Hu3SGwrlsGTbxA","Element":"SQ","PrimaryAttribute":"QID31","SecondaryAttribute":"cp_fairness","TertiaryAttribute":null,"Payload":{"QuestionText":"Do you agree or disagree with the following statement: \"A <strong>carbon tax<\/strong> is fair.\"","DefaultChoices":false,"DataExportTag":"cp_fairness","QuestionID":"QID31","QuestionType":"MC","Selector":"SAHR","SubSelector":"TX","DataVisibility":{"Private":false,"Hidden":false},"Configuration":{"QuestionDescriptionOption":"SpecifyLabel","TextPosition":"inline","LabelPosition":"BELOW","Autoscale":{"YScale":{"Name":"agreeDisagree","Type":"likert","Reverse":false}}},"QuestionDescription":"cp_fairness","Choices":{"6":{"Display":"Strongly disagree"},"7":{"Display":"Somewhat disagree"},"8":{"Display":"Neither agree nor disagree"},"9":{"Display":"Somewhat agree"},"10":{"Display":"Strongly agree"}},"ChoiceOrder":["6","7","8","9","10"],"Validation":{"Settings":{"ForceResponse":"ON","ForceResponseType":"ON","Type":"None"}},"GradingData":[],"Language":[],"NextChoiceId":11,"NextAnswerId":6}},{"SurveyID":"SV_1Hu3SGwrlsGTbxA","Element":"SQ","PrimaryAttribute":"QID53","SecondaryAttribute":"cp_raise","TertiaryAttribute":null,"Payload":{"QuestionText":"I support <strong>raising carbon taxes<\/strong> on gas\/fossil fuels\/coal?","DefaultChoices":false,"DataExportTag":"cp_raise","QuestionType":"Slider","Selector":"HSLIDER","DataVisibility":{"Private":false,"Hidden":false},"Configuration":{"QuestionDescriptionOption":"SpecifyLabel","CSSliderMin":0,"CSSliderMax":100,"GridLines":0,"SnapToGrid":false,"NumDecimals":"0","ShowValue":true,"CustomStart":true,"NotApplicable":false,"MobileFirst":true,"SliderStartPositions":{"1":0.37973484848484850839867021932150237262248992919921875}},"QuestionDescription":"cp_raise","Choices":{"9":{"Display":""}},"ChoiceOrder":["9"],"Validation":{"Settings":{"ForceResponse":"ON","ForceResponseType":"ON","Type":"None"}},"GradingData":[],"Language":[],"NextChoiceId":10,"NextAnswerId":11,"Labels":{"9":{"Display":"0 (not at all)"},"10":{"Display":"100 (very much)"}},"QuestionID":"QID53","QuestionJS":"Qualtrics.SurveyEngine.addOnload(function()\n{\n\t\/*Place your JavaScript here to run when the page loads*\/\n\tvar q = jQuery(\"#\"+this.questionId);\n\t\n\tq.find(\".handle\").css('visibility', 'hidden');\n\t\n\t\/\/ Function to show the handle\n    function showHandle() {\n        q.find(\".handle\").css('visibility', 'visible');\n    }\n\n    \/\/ Event handler for desktop (mouse click)\n    q.find(\".track\").on(\"click\", function() {\n        showHandle();\n    });\n\n    \/\/ Event handler for touch devices (touchstart event)\n    q.find(\".track\").on(\"touchstart\", function() {\n        showHandle();\n    });\n\n    \/\/ Optional: Handle other touch events if needed\n    q.find(\".track\").on(\"touchmove\", function() {\n        showHandle();\n    });\n\n\n});\n\nQualtrics.SurveyEngine.addOnReady(function()\n{\n\t\/*Place your JavaScript here to run when the page is fully displayed*\/\n\n});\n\nQualtrics.SurveyEngine.addOnUnload(function()\n{\n\t\/*Place your JavaScript here to run when the page is unloaded*\/\n\n});"}},{"SurveyID":"SV_1Hu3SGwrlsGTbxA","Element":"SQ","PrimaryAttribute":"QID32","SecondaryAttribute":"cp_support","TertiaryAttribute":null,"Payload":{"QuestionText":"Do you support or oppose <strong>a carbon tax in general<\/strong>?","DefaultChoices":false,"DataExportTag":"cp_support","QuestionID":"QID32","QuestionType":"MC","Selector":"SAHR","SubSelector":"TX","DataVisibility":{"Private":false,"Hidden":false},"Configuration":{"QuestionDescriptionOption":"SpecifyLabel","TextPosition":"inline","LabelPosition":"BELOW"},"QuestionDescription":"cp_support","Choices":{"9":{"Display":"Strongly oppose"},"10":{"Display":"Somewhat oppose"},"11":{"Display":"Neither support nor oppose"},"12":{"Display":"Somewhat support"},"13":{"Display":"Strongly support"}},"ChoiceOrder":["9","10","11","12","13"],"Validation":{"Settings":{"ForceResponse":"ON","ForceResponseType":"ON","Type":"None"}},"GradingData":[],"Language":[],"NextChoiceId":14,"NextAnswerId":6}},{"SurveyID":"SV_1Hu3SGwrlsGTbxA","Element":"SQ","PrimaryAttribute":"QID36","SecondaryAttribute":"ct_cp_support","TertiaryAttribute":null,"Payload":{"QuestionText":"Do you support or oppose <strong>a carbon tax with cash transfers in general?<\/strong>","DefaultChoices":false,"DataExportTag":"ct_cp_support","QuestionID":"QID36","QuestionType":"MC","Selector":"SAHR","SubSelector":"TX","DataVisibility":{"Private":false,"Hidden":false},"Configuration":{"QuestionDescriptionOption":"SpecifyLabel","TextPosition":"inline","LabelPosition":"BELOW"},"QuestionDescription":"ct_cp_support","Choices":{"1":{"Display":"Strongly oppose"},"5":{"Display":"Somewhat oppose"},"6":{"Display":"Neither support nor oppose"},"7":{"Display":"Somewhat support"},"8":{"Display":"Strongly support"}},"ChoiceOrder":["1","5","6","7","8"],"Validation":{"Settings":{"ForceResponse":"ON","ForceResponseType":"ON","Type":"None"}},"GradingData":[],"Language":[],"NextChoiceId":15,"NextAnswerId":6}},{"SurveyID":"SV_1Hu3SGwrlsGTbxA","Element":"RS","PrimaryAttribute":"RS_eF0suEhtPJeHwQS","SecondaryAttribute":"Default Response Set","TertiaryAttribute":null,"Payload":null},{"SurveyID":"SV_1Hu3SGwrlsGTbxA","Element":"SQ","PrimaryAttribute":"QID10","SecondaryAttribute":"education","TertiaryAttribute":null,"Payload":{"QuestionText":"What is the highest level of education you have completed?","DefaultChoices":false,"DataExportTag":"education","QuestionType":"MC","Selector":"DL","DataVisibility":{"Private":false,"Hidden":false},"Configuration":{"QuestionDescriptionOption":"SpecifyLabel"},"QuestionDescription":"education","Choices":{"1":{"Display":"No schooling completed"},"2":{"Display":"Primary school"},"3":{"Display":"Lower secondary school"},"4":{"Display":"Vocational degree"},"5":{"Display":"High school"},"6":{"Display":"College degree"},"7":{"Display":"Master\u2019s degree or above"}},"ChoiceOrder":["1","2","3","4","5","6","7"],"Validation":{"Settings":{"ForceResponse":"ON","ForceResponseType":"ON","Type":"None"}},"GradingData":[],"Language":[],"NextChoiceId":8,"NextAnswerId":1,"QuestionID":"QID10"}},{"SurveyID":"SV_1Hu3SGwrlsGTbxA","Element":"SQ","PrimaryAttribute":"QID51","SecondaryAttribute":"effect_air","TertiaryAttribute":null,"Payload":{"QuestionText":"<p><\/p>","DefaultChoices":false,"DataExportTag":"effect_air","QuestionType":"Matrix","Selector":"Likert","SubSelector":"SingleAnswer","DataVisibility":{"Private":false,"Hidden":false},"Configuration":{"QuestionDescriptionOption":"SpecifyLabel","TextPosition":"inline","ChoiceColumnWidth":25,"RepeatHeaders":"none","WhiteSpace":"OFF","MobileFirst":true},"Choices":{"1":{"Display":"reduce air pollution."}},"ChoiceOrder":["1"],"Validation":{"Settings":{"ForceResponse":"ON","ForceResponseType":"ON","Type":"None"}},"GradingData":[],"Language":[],"NextChoiceId":5,"NextAnswerId":6,"Answers":{"1":{"Display":"Strongly disagree"},"2":{"Display":"Somewhat disagree"},"3":{"Display":"Neither agree nor disagree"},"4":{"Display":"Somewhat agree"},"5":{"Display":"Strongly agree"}},"AnswerOrder":["1","2","3","4","5"],"ChoiceDataExportTags":false,"QuestionID":"QID51","QuestionDescription":"effect_air"}},{"SurveyID":"SV_1Hu3SGwrlsGTbxA","Element":"SQ","PrimaryAttribute":"QID48","SecondaryAttribute":"effect_driving","TertiaryAttribute":null,"Payload":{"QuestionText":"Do you agree or disagree with the following statements? A carbon tax on all CO2 emissions would. . .","DefaultChoices":false,"DataExportTag":"effect_driving","QuestionID":"QID48","QuestionType":"Matrix","Selector":"Likert","SubSelector":"SingleAnswer","DataVisibility":{"Private":false,"Hidden":false},"Configuration":{"QuestionDescriptionOption":"SpecifyLabel","TextPosition":"inline","ChoiceColumnWidth":25,"RepeatHeaders":"none","WhiteSpace":"OFF","MobileFirst":true},"QuestionDescription":"effect_driving","Choices":{"1":{"Display":"encourage people to drive less."}},"ChoiceOrder":["1"],"Validation":{"Settings":{"ForceResponse":"ON","ForceResponseType":"ON","Type":"None"}},"GradingData":[],"Language":[],"NextChoiceId":5,"NextAnswerId":6,"Answers":{"1":{"Display":"Strongly disagree"},"2":{"Display":"Somewhat disagree"},"3":{"Display":"Neither agree nor disagree"},"4":{"Display":"Somewhat agree"},"5":{"Display":"Strongly agree"}},"AnswerOrder":["1","2","3","4","5"],"ChoiceDataExportTags":false}},{"SurveyID":"SV_1Hu3SGwrlsGTbxA","Element":"SQ","PrimaryAttribute":"QID52","SecondaryAttribute":"effect_economy","TertiaryAttribute":null,"Payload":{"QuestionText":"<p><\/p>","DefaultChoices":false,"DataExportTag":"effect_economy","QuestionType":"Matrix","Selector":"Likert","SubSelector":"SingleAnswer","DataVisibility":{"Private":false,"Hidden":false},"Configuration":{"QuestionDescriptionOption":"SpecifyLabel","TextPosition":"inline","ChoiceColumnWidth":25,"RepeatHeaders":"none","WhiteSpace":"OFF","MobileFirst":true},"Choices":{"1":{"Display":" have a negative effect on the U.S. economy and employment. "}},"ChoiceOrder":["1"],"Validation":{"Settings":{"ForceResponse":"ON","ForceResponseType":"ON","Type":"None"}},"GradingData":[],"Language":[],"NextChoiceId":5,"NextAnswerId":6,"Answers":{"1":{"Display":"Strongly disagree"},"2":{"Display":"Somewhat disagree"},"3":{"Display":"Neither agree nor disagree"},"4":{"Display":"Somewhat agree"},"5":{"Display":"Strongly agree"}},"AnswerOrder":["1","2","3","4","5"],"ChoiceDataExportTags":false,"QuestionID":"QID52","QuestionDescription":"effect_economy"}},{"SurveyID":"SV_1Hu3SGwrlsGTbxA","Element":"SQ","PrimaryAttribute":"QID50","SecondaryAttribute":"effect_fossil","TertiaryAttribute":null,"Payload":{"QuestionText":"<p><\/p>","DefaultChoices":false,"DataExportTag":"effect_fossil","QuestionType":"Matrix","Selector":"Likert","SubSelector":"SingleAnswer","DataVisibility":{"Private":false,"Hidden":false},"Configuration":{"QuestionDescriptionOption":"SpecifyLabel","TextPosition":"inline","ChoiceColumnWidth":25,"RepeatHeaders":"none","WhiteSpace":"OFF","MobileFirst":true},"Choices":{"1":{"Display":"reduce the use of fossil fuels and thus greenhouse gas emissions."}},"ChoiceOrder":["1"],"Validation":{"Settings":{"ForceResponse":"ON","ForceResponseType":"ON","Type":"None"}},"GradingData":[],"Language":[],"NextChoiceId":5,"NextAnswerId":6,"Answers":{"1":{"Display":"Strongly disagree"},"2":{"Display":"Somewhat disagree"},"3":{"Display":"Neither agree nor disagree"},"4":{"Display":"Somewhat agree"},"5":{"Display":"Strongly agree"}},"AnswerOrder":["1","2","3","4","5"],"ChoiceDataExportTags":false,"QuestionID":"QID50","QuestionDescription":"effect_fossil"}},{"SurveyID":"SV_1Hu3SGwrlsGTbxA","Element":"SQ","PrimaryAttribute":"QID49","SecondaryAttribute":"effect_insulation","TertiaryAttribute":null,"Payload":{"QuestionText":"<p><\/p>","DefaultChoices":false,"DataExportTag":"effect_insulation","QuestionType":"Matrix","Selector":"Likert","SubSelector":"SingleAnswer","DataVisibility":{"Private":false,"Hidden":false},"Configuration":{"QuestionDescriptionOption":"SpecifyLabel","TextPosition":"inline","ChoiceColumnWidth":25,"RepeatHeaders":"none","WhiteSpace":"OFF","MobileFirst":true},"QuestionDescription":"effect_insulation","Choices":{"1":{"Display":"encourage people and companies to insulate buildings."}},"ChoiceOrder":["1"],"Validation":{"Settings":{"ForceResponse":"ON","ForceResponseType":"ON","Type":"None"}},"GradingData":[],"Language":[],"NextChoiceId":5,"NextAnswerId":6,"Answers":{"1":{"Display":"Strongly disagree"},"2":{"Display":"Somewhat disagree"},"3":{"Display":"Neither agree nor disagree"},"4":{"Display":"Somewhat agree"},"5":{"Display":"Strongly agree"}},"AnswerOrder":["1","2","3","4","5"],"ChoiceDataExportTags":false,"QuestionID":"QID49"}},{"SurveyID":"SV_1Hu3SGwrlsGTbxA","Element":"SQ","PrimaryAttribute":"QID7","SecondaryAttribute":"employment","TertiaryAttribute":null,"Payload":{"QuestionText":"What is your current employment status?","DefaultChoices":false,"DataExportTag":"employment","QuestionType":"MC","Selector":"DL","DataVisibility":{"Private":false,"Hidden":false},"Configuration":{"QuestionDescriptionOption":"SpecifyLabel"},"QuestionDescription":"employment","Choices":{"1":{"Display":"Employed"},"2":{"Display":"Unemployed"},"3":{"Display":"Student"},"4":{"Display":"Retired"},"5":{"Display":"Other"}},"ChoiceOrder":["1","2","3","4","5"],"Validation":{"Settings":{"ForceResponse":"ON","ForceResponseType":"ON","Type":"None"}},"GradingData":[],"Language":[],"NextChoiceId":6,"NextAnswerId":1,"QuestionID":"QID7"}},{"SurveyID":"SV_1Hu3SGwrlsGTbxA","Element":"SQ","PrimaryAttribute":"QID17","SecondaryAttribute":"flight_trips","TertiaryAttribute":null,"Payload":{"QuestionText":"How many round-trip flights did you take last year?","DefaultChoices":false,"DataExportTag":"flight_trips","QuestionType":"MC","Selector":"DL","DataVisibility":{"Private":false,"Hidden":false},"Configuration":{"QuestionDescriptionOption":"SpecifyLabel"},"QuestionDescription":"flight_trips","Choices":{"1":{"Display":"0"},"2":{"Display":"1"},"3":{"Display":"2"},"4":{"Display":"3 or 4"},"5":{"Display":"5 to 7"},"6":{"Display":"8 to 14"},"7":{"Display":"15 or more"}},"ChoiceOrder":["1","2","3","4","5","6","7"],"Validation":{"Settings":{"ForceResponse":"ON","ForceResponseType":"ON","Type":"None"}},"GradingData":[],"Language":[],"NextChoiceId":8,"NextAnswerId":1,"QuestionID":"QID17"}},{"SurveyID":"SV_1Hu3SGwrlsGTbxA","Element":"SQ","PrimaryAttribute":"QID3","SecondaryAttribute":"gender","TertiaryAttribute":null,"Payload":{"QuestionText":"What is your gender?","DefaultChoices":false,"DataExportTag":"gender","QuestionType":"MC","Selector":"DL","DataVisibility":{"Private":false,"Hidden":false},"Configuration":{"QuestionDescriptionOption":"SpecifyLabel"},"QuestionDescription":"gender","Choices":{"1":{"Display":"Female"},"2":{"Display":"Male"},"5":{"Display":"Other"}},"ChoiceOrder":["1","2","5"],"Validation":{"Settings":{"ForceResponse":"ON","ForceResponseType":"ON","Type":"None"}},"GradingData":[],"Language":[],"NextChoiceId":6,"NextAnswerId":1,"QuestionID":"QID3"}},{"SurveyID":"SV_1Hu3SGwrlsGTbxA","Element":"SQ","PrimaryAttribute":"QID27","SecondaryAttribute":"get_evehicle","TertiaryAttribute":null,"Payload":{"QuestionText":"<p><\/p>","DefaultChoices":false,"DataExportTag":"get_evehicle","QuestionType":"Matrix","Selector":"Likert","SubSelector":"SingleAnswer","DataVisibility":{"Private":false,"Hidden":false},"Configuration":{"QuestionDescriptionOption":"SpecifyLabel","TextPosition":"inline","ChoiceColumnWidth":25,"RepeatHeaders":"none","WhiteSpace":"OFF","MobileFirst":true},"Choices":{"1":{"Display":"Get an electric vehicle"}},"ChoiceOrder":["1"],"Validation":{"Settings":{"ForceResponse":"ON","ForceResponseType":"ON","Type":"None"}},"GradingData":[],"Language":[],"NextChoiceId":10,"NextAnswerId":11,"Answers":{"1":{"Display":"Not at all"},"2":{"Display":"A little"},"3":{"Display":"Moderately"},"4":{"Display":"A lot"},"5":{"Display":"A great deal"}},"AnswerOrder":["1","2","3","4","5"],"ChoiceDataExportTags":false,"QuestionID":"QID27","QuestionDescription":"get_evehicle"}},{"SurveyID":"SV_1Hu3SGwrlsGTbxA","Element":"SQ","PrimaryAttribute":"QID19","SecondaryAttribute":"gov_trust","TertiaryAttribute":null,"Payload":{"QuestionText":"Do you agree or disagree with the following statement: \u201cOver the last four years, the U.S. government could generally be trusted to do what is right.\u201d","DefaultChoices":false,"DataExportTag":"gov_trust","QuestionID":"QID19","QuestionType":"MC","Selector":"SAHR","SubSelector":"TX","DataVisibility":{"Private":false,"Hidden":false},"Configuration":{"QuestionDescriptionOption":"SpecifyLabel","TextPosition":"inline","Autoscale":{"YScale":{"Name":"agreeDisagree","Type":"likert","Reverse":false}},"LabelPosition":"BELOW"},"QuestionDescription":"gov_trust","Choices":{"9":{"Display":"Strongly disagree"},"10":{"Display":"Somewhat disagree"},"11":{"Display":"Neither agree nor disagree"},"12":{"Display":"Somewhat agree"},"13":{"Display":"Strongly agree"}},"ChoiceOrder":["9","10","11","12","13"],"Validation":{"Settings":{"ForceResponse":"ON","ForceResponseType":"ON","Type":"None"}},"GradingData":[],"Language":[],"NextChoiceId":15,"NextAnswerId":10}},{"SurveyID":"SV_1Hu3SGwrlsGTbxA","Element":"SQ","PrimaryAttribute":"QID11","SecondaryAttribute":"income","TertiaryAttribute":null,"Payload":{"QuestionText":"What was the annual income of your household in 2023 (before withholding tax)?","DefaultChoices":false,"DataExportTag":"income","QuestionType":"MC","Selector":"DL","DataVisibility":{"Private":false,"Hidden":false},"Configuration":{"QuestionDescriptionOption":"SpecifyLabel"},"QuestionDescription":"income","Choices":{"1":{"Display":"Less than $35,000"},"2":{"Display":"between $35,000 - $70,000"},"3":{"Display":"between $70,000 - $120,000"},"4":{"Display":"More than $120,000"}},"ChoiceOrder":["1","2","3","4"],"Validation":{"Settings":{"ForceResponse":"ON","ForceResponseType":"ON","Type":"None"}},"GradingData":[],"Language":[],"NextChoiceId":5,"NextAnswerId":1,"QuestionID":"QID11"}},{"SurveyID":"SV_1Hu3SGwrlsGTbxA","Element":"SQ","PrimaryAttribute":"QID28","SecondaryAttribute":"limit_beef","TertiaryAttribute":null,"Payload":{"QuestionText":"<p><\/p>","DefaultChoices":false,"DataExportTag":"limit_beef","QuestionType":"Matrix","Selector":"Likert","SubSelector":"SingleAnswer","DataVisibility":{"Private":false,"Hidden":false},"Configuration":{"QuestionDescriptionOption":"SpecifyLabel","TextPosition":"inline","ChoiceColumnWidth":25,"RepeatHeaders":"none","WhiteSpace":"OFF","MobileFirst":true},"Choices":{"1":{"Display":"Limit beef consumption"}},"ChoiceOrder":["1"],"Validation":{"Settings":{"ForceResponse":"ON","ForceResponseType":"ON","Type":"None"}},"GradingData":[],"Language":[],"NextChoiceId":10,"NextAnswerId":11,"Answers":{"1":{"Display":"Not at all"},"2":{"Display":"A little"},"3":{"Display":"Moderately"},"4":{"Display":"A lot"},"5":{"Display":"A great deal"}},"AnswerOrder":["1","2","3","4","5"],"ChoiceDataExportTags":false,"QuestionID":"QID28","QuestionDescription":"limit_beef"}},{"SurveyID":"SV_1Hu3SGwrlsGTbxA","Element":"SQ","PrimaryAttribute":"QID26","SecondaryAttribute":"limit_driving","TertiaryAttribute":null,"Payload":{"QuestionText":"<p><\/p>","DefaultChoices":false,"DataExportTag":"limit_driving","QuestionType":"Matrix","Selector":"Likert","SubSelector":"SingleAnswer","DataVisibility":{"Private":false,"Hidden":false},"Configuration":{"QuestionDescriptionOption":"SpecifyLabel","TextPosition":"inline","ChoiceColumnWidth":25,"RepeatHeaders":"none","WhiteSpace":"OFF","MobileFirst":true},"QuestionDescription":"limit_driving","Choices":{"1":{"Display":"Limit driving"}},"ChoiceOrder":["1"],"Validation":{"Settings":{"ForceResponse":"ON","ForceResponseType":"ON","Type":"None"}},"GradingData":[],"Language":[],"NextChoiceId":10,"NextAnswerId":11,"Answers":{"1":{"Display":"Not at all"},"2":{"Display":"A little"},"3":{"Display":"Moderately"},"4":{"Display":"A lot"},"5":{"Display":"A great deal"}},"AnswerOrder":["1","2","3","4","5"],"ChoiceDataExportTags":false,"QuestionID":"QID26"}},{"SurveyID":"SV_1Hu3SGwrlsGTbxA","Element":"SQ","PrimaryAttribute":"QID20","SecondaryAttribute":"limit_flying","TertiaryAttribute":null,"Payload":{"QuestionText":"Here are possible behaviors that experts say would help reduce greenhouse gas emissions. To what extent would you be willing to adopt the following behaviors?","DefaultChoices":false,"DataExportTag":"limit_flying","QuestionID":"QID20","QuestionType":"Matrix","Selector":"Likert","SubSelector":"SingleAnswer","DataVisibility":{"Private":false,"Hidden":false},"Configuration":{"QuestionDescriptionOption":"SpecifyLabel","TextPosition":"inline","ChoiceColumnWidth":25,"WhiteSpace":"OFF","MobileFirst":true},"QuestionDescription":"limit_flying","Choices":{"1":{"Display":"Limit flying"}},"ChoiceOrder":["1"],"Validation":{"Settings":{"ForceResponse":"ON","ForceResponseType":"ON","Type":"None"}},"GradingData":[],"Language":[],"NextChoiceId":10,"NextAnswerId":11,"Answers":{"1":{"Display":"Not at all"},"2":{"Display":"A little"},"3":{"Display":"Moderately"},"4":{"Display":"A lot"},"5":{"Display":"A great deal"}},"AnswerOrder":["1","2","3","4","5"],"ChoiceDataExportTags":false}},{"SurveyID":"SV_1Hu3SGwrlsGTbxA","Element":"SQ","PrimaryAttribute":"QID29","SecondaryAttribute":"limit_heating","TertiaryAttribute":null,"Payload":{"QuestionText":"<p><\/p>","DefaultChoices":false,"DataExportTag":"limit_heating","QuestionType":"Matrix","Selector":"Likert","SubSelector":"SingleAnswer","DataVisibility":{"Private":false,"Hidden":false},"Configuration":{"QuestionDescriptionOption":"SpecifyLabel","TextPosition":"inline","ChoiceColumnWidth":25,"RepeatHeaders":"none","WhiteSpace":"OFF","MobileFirst":true},"Choices":{"1":{"Display":"Limit heating or cooling your home"}},"ChoiceOrder":["1"],"Validation":{"Settings":{"ForceResponse":"ON","ForceResponseType":"ON","Type":"None"}},"GradingData":[],"Language":[],"NextChoiceId":10,"NextAnswerId":11,"Answers":{"1":{"Display":"Not at all"},"2":{"Display":"A little"},"3":{"Display":"Moderately"},"4":{"Display":"A lot"},"5":{"Display":"A great deal"}},"AnswerOrder":["1","2","3","4","5"],"ChoiceDataExportTags":false,"QuestionID":"QID29","QuestionDescription":"limit_heating"}},{"SurveyID":"SV_1Hu3SGwrlsGTbxA","Element":"SQ","PrimaryAttribute":"QID5","SecondaryAttribute":"nationality","TertiaryAttribute":null,"Payload":{"QuestionText":"What is your nationality?","DefaultChoices":false,"DataExportTag":"nationality ","QuestionID":"QID5","QuestionType":"MC","Selector":"DL","DataVisibility":{"Private":false,"Hidden":false},"Configuration":{"QuestionDescriptionOption":"SpecifyLabel"},"QuestionDescription":"nationality","Choices":{"198":{"Display":"Afghan"},"199":{"Display":"Albanian"},"200":{"Display":"Algerian"},"201":{"Display":"American"},"202":{"Display":"Andorran"},"203":{"Display":"Angolan"},"204":{"Display":"Antiguan and Barbudan"},"205":{"Display":"Argentine"},"206":{"Display":"Armenian"},"207":{"Display":"Australian"},"208":{"Display":"Austrian"},"209":{"Display":"Azerbaijani"},"210":{"Display":"Bahamian"},"211":{"Display":"Bahraini"},"212":{"Display":"Bangladeshi"},"213":{"Display":"Barbadian"},"214":{"Display":"Belarusian"},"215":{"Display":"Belgian"},"216":{"Display":"Belizean"},"217":{"Display":"Beninese"},"218":{"Display":"Bhutanese"},"219":{"Display":"Bissau-Guinean"},"220":{"Display":"Bolivian"},"221":{"Display":"Bosnian and Herzegovinian"},"222":{"Display":"Botswanan"},"223":{"Display":"Brazilian"},"224":{"Display":"British"},"225":{"Display":"Bruneian"},"226":{"Display":"Bulgarian"},"227":{"Display":"Burkinabe"},"228":{"Display":"Burmese"},"229":{"Display":"Burundian"},"230":{"Display":"Cabo Verdean"},"231":{"Display":"Cambodian"},"232":{"Display":"Cameroonian"},"233":{"Display":"Canadian"},"234":{"Display":"Central African"},"235":{"Display":"Chadian"},"236":{"Display":"Chilean"},"237":{"Display":"Chinese"},"238":{"Display":"Colombian"},"239":{"Display":"Comoran"},"240":{"Display":"Congolese (Congo-Brazzaville)"},"241":{"Display":"Costa Rican"},"242":{"Display":"Croatian"},"243":{"Display":"Cuban"},"244":{"Display":"Cypriot"},"245":{"Display":"Czech"},"246":{"Display":"Danish"},"247":{"Display":"Djiboutian"},"248":{"Display":"Dominican"},"249":{"Display":"Dominican (from the Dominican Republic)"},"250":{"Display":"Dutch"},"251":{"Display":"Ecuadorian"},"252":{"Display":"Egyptian"},"253":{"Display":"Emirati"},"254":{"Display":"Equatorial Guinean"},"255":{"Display":"Eritrean"},"256":{"Display":"Estonian"},"257":{"Display":"Eswatini"},"258":{"Display":"Ethiopian"},"259":{"Display":"Fijian"},"260":{"Display":"Filipino"},"261":{"Display":"Finnish"},"262":{"Display":"French"},"263":{"Display":"Gabonese"},"264":{"Display":"Gambian"},"265":{"Display":"Georgian"},"266":{"Display":"German"},"267":{"Display":"Ghanaian"},"268":{"Display":"Greek"},"269":{"Display":"Grenadian"},"270":{"Display":"Guatemalan"},"271":{"Display":"Guinean"},"272":{"Display":"Guyanese"},"273":{"Display":"Haitian"},"274":{"Display":"Honduran"},"275":{"Display":"Hungarian"},"276":{"Display":"I-Kiribati"},"277":{"Display":"Icelandic"},"278":{"Display":"Indian"},"279":{"Display":"Indonesian"},"280":{"Display":"Iranian"},"281":{"Display":"Iraqi"},"282":{"Display":"Irish"},"283":{"Display":"Israeli"},"284":{"Display":"Italian"},"285":{"Display":"Jamaican"},"286":{"Display":"Japanese"},"287":{"Display":"Jordanian"},"288":{"Display":"Kazakh"},"289":{"Display":"Kenyan"},"290":{"Display":"Kittitian or Nevisian"},"291":{"Display":"Kosovar"},"292":{"Display":"Kuwaiti"},"293":{"Display":"Kyrgyz"},"294":{"Display":"Lao"},"295":{"Display":"Latvian"},"296":{"Display":"Lebanese"},"297":{"Display":"Lesotho"},"298":{"Display":"Liberian"},"299":{"Display":"Libyan"},"300":{"Display":"Liechtensteiner"},"301":{"Display":"Lithuanian"},"302":{"Display":"Luxembourger"},"303":{"Display":"Malagasy"},"304":{"Display":"Malawian"},"305":{"Display":"Malaysian"},"306":{"Display":"Maldivian"},"307":{"Display":"Malian"},"308":{"Display":"Maltese"},"309":{"Display":"Marshallese"},"310":{"Display":"Mauritanian"},"311":{"Display":"Mauritian"},"312":{"Display":"Mexican"},"313":{"Display":"Micronesian"},"314":{"Display":"Moldovan"},"315":{"Display":"Mongolian"},"316":{"Display":"Montenegrin"},"317":{"Display":"Mon\u00e9gasque"},"318":{"Display":"Moroccan"},"319":{"Display":"Mozambican"},"320":{"Display":"Namibian"},"321":{"Display":"Nauruan"},"322":{"Display":"Nepali"},"323":{"Display":"New Zealander"},"324":{"Display":"Ni-Vanuatu"},"325":{"Display":"Nicaraguan"},"326":{"Display":"Nigerian"},"327":{"Display":"Nigerien"},"328":{"Display":"North Korean"},"329":{"Display":"North Macedonian"},"330":{"Display":"Norwegian"},"331":{"Display":"Omani"},"332":{"Display":"Pakistani"},"333":{"Display":"Palauan"},"334":{"Display":"Palestinian"},"335":{"Display":"Panamanian"},"336":{"Display":"Papua New Guinean"},"337":{"Display":"Paraguayan"},"338":{"Display":"Peruvian"},"339":{"Display":"Polish"},"340":{"Display":"Portuguese"},"341":{"Display":"Qatari"},"342":{"Display":"Romanian"},"343":{"Display":"Russian"},"344":{"Display":"Rwandan"},"345":{"Display":"Saint Lucian"},"346":{"Display":"Salvadoran"},"347":{"Display":"Samoan"},"348":{"Display":"San Marinese"},"349":{"Display":"Sao Tomean"},"350":{"Display":"Saudi"},"351":{"Display":"Senegalese"},"352":{"Display":"Serbian"},"353":{"Display":"Seychellois"},"354":{"Display":"Sierra Leonean"},"355":{"Display":"Singaporean"},"356":{"Display":"Slovak"},"357":{"Display":"Slovenian"},"358":{"Display":"Solomon Islander"},"359":{"Display":"Somali"},"360":{"Display":"South African"},"361":{"Display":"South Korean"},"362":{"Display":"South Sudanese"},"363":{"Display":"Spanish"},"364":{"Display":"Sri Lankan"},"365":{"Display":"Sudanese"},"366":{"Display":"Surinamese"},"367":{"Display":"Swedish"},"368":{"Display":"Swiss"},"369":{"Display":"Syrian"},"370":{"Display":"Tajik"},"371":{"Display":"Tanzanian"},"372":{"Display":"Thai"},"373":{"Display":"Timorese"},"374":{"Display":"Togolese"},"375":{"Display":"Tongan"},"376":{"Display":"Trinidadian or Tobagonian"},"377":{"Display":"Tunisian"},"378":{"Display":"Turkish"},"379":{"Display":"Turkmen"},"380":{"Display":"Tuvaluan"},"381":{"Display":"Ugandan"},"382":{"Display":"Ukrainian"},"383":{"Display":"Uruguayan"},"384":{"Display":"Uzbek"},"385":{"Display":"Vatican"},"386":{"Display":"Venezuelan"},"387":{"Display":"Vietnamese"},"388":{"Display":"Vincentian"},"389":{"Display":"Yemeni"},"390":{"Display":"Zambian"},"391":{"Display":"Zimbabwean"}},"ChoiceOrder":["198","199","200","201","202","203","204","205","206","207","208","209","210","211","212","213","214","215","216","217","218","219","220","221","222","223","224","225","226","227","228","229","230","231","232","233","234","235","236","237","238","239","240","241","242","243","244","245","246","247","248","249","250","251","252","253","254","255","256","257","258","259","260","261","262","263","264","265","266","267","268","269","270","271","272","273","274","275","276","277","278","279","280","281","282","283","284","285","286","287","288","289","290","291","292","293","294","295","296","297","298","299","300","301","302","303","304","305","306","307","308","309","310","311","312","313","314","315","316","317","318","319","320","321","322","323","324","325","326","327","328","329","330","331","332","333","334","335","336","337","338","339","340","341","342","343","344","345","346","347","348","349","350","351","352","353","354","355","356","357","358","359","360","361","362","363","364","365","366","367","368","369","370","371","372","373","374","375","376","377","378","379","380","381","382","383","384","385","386","387","388","389","390","391"],"Validation":{"Settings":{"ForceResponse":"ON","ForceResponseType":"ON","Type":"None"}},"GradingData":[],"Language":[],"NextChoiceId":392,"NextAnswerId":1}},{"SurveyID":"SV_1Hu3SGwrlsGTbxA","Element":"SQ","PrimaryAttribute":"QID14","SecondaryAttribute":"pol_affiliation","TertiaryAttribute":null,"Payload":{"QuestionText":"What do you consider to be your political affiliation, as of today?","DefaultChoices":false,"DataExportTag":"pol_affiliation","QuestionType":"MC","Selector":"DL","DataVisibility":{"Private":false,"Hidden":false},"Configuration":{"QuestionDescriptionOption":"SpecifyLabel"},"QuestionDescription":"pol_affiliation","Choices":{"1":{"Display":"Republican"},"2":{"Display":"Democrat"},"3":{"Display":"Independent"},"4":{"Display":"Other"},"5":{"Display":"Non-Affiliated"}},"ChoiceOrder":["1","2","3","4","5"],"Validation":{"Settings":{"ForceResponse":"ON","ForceResponseType":"ON","Type":"None"}},"GradingData":[],"Language":[],"NextChoiceId":6,"NextAnswerId":1,"QuestionID":"QID14"}},{"SurveyID":"SV_1Hu3SGwrlsGTbxA","Element":"SQ","PrimaryAttribute":"QID13","SecondaryAttribute":"pol_orientation","TertiaryAttribute":null,"Payload":{"QuestionText":"On economic policy matters, where do you see yourself on a scale from 1 to 5, where 1 is Left and 5 is Right?","DefaultChoices":false,"DataExportTag":"pol_orientation","QuestionID":"QID13","QuestionType":"MC","Selector":"SAHR","SubSelector":"TX","DataVisibility":{"Private":false,"Hidden":false},"Configuration":{"QuestionDescriptionOption":"SpecifyLabel","TextPosition":"inline","LabelPosition":"BELOW"},"QuestionDescription":"pol_orientation","Choices":{"11":{"Display":"1 (Left)"},"12":{"Display":"2"},"13":{"Display":"3"},"14":{"Display":"4"},"15":{"Display":"5 (Right)"}},"ChoiceOrder":["11","12","13","14","15"],"Validation":{"Settings":{"ForceResponse":"ON","ForceResponseType":"ON","Type":"None"}},"GradingData":[],"Language":[],"NextChoiceId":16,"NextAnswerId":13,"RecodeValues":{"11":"1","12":"2","13":"3","14":"4","15":"5"}}},{"SurveyID":"SV_1Hu3SGwrlsGTbxA","Element":"SQ","PrimaryAttribute":"QID15","SecondaryAttribute":"prim_heat_source","TertiaryAttribute":null,"Payload":{"QuestionText":"What is the main way you heat your home?","DefaultChoices":false,"DataExportTag":"prim_heat_source","QuestionType":"MC","Selector":"DL","DataVisibility":{"Private":false,"Hidden":false},"Configuration":{"QuestionDescriptionOption":"SpecifyLabel"},"QuestionDescription":"prim_heat_source","Choices":{"1":{"Display":"Electricity"},"2":{"Display":"Gas"},"3":{"Display":"Heating oil"},"6":{"Display":"Coal"},"7":{"Display":"Wood, solar, geothermal, or heat pump"},"10":{"Display":"District heating"},"11":{"Display":"Don\u2019t know"},"12":{"Display":"Prefer not to say"}},"ChoiceOrder":["1","2","3","6","7","10","11","12"],"Validation":{"Settings":{"ForceResponse":"ON","ForceResponseType":"ON","Type":"None"}},"GradingData":[],"Language":[],"NextChoiceId":13,"NextAnswerId":1,"QuestionID":"QID15"}},{"SurveyID":"SV_1Hu3SGwrlsGTbxA","Element":"SQ","PrimaryAttribute":"QID37","SecondaryAttribute":"spct_cp_support","TertiaryAttribute":null,"Payload":{"QuestionText":"<div style=\"text-align: justify;\">Do you support or oppose a <strong>carbon tax of $120&thinsp;per tonne of&thinsp; CO2 (social price of carbon), meaning about $1.00 per gallon of gasoline <u>with cash transfers<\/u><\/strong>, whereby each adult would thus receive about $1500 per year?<\/div>","DefaultChoices":false,"DataExportTag":"spct_cp_support","QuestionID":"QID37","QuestionType":"MC","Selector":"SAHR","SubSelector":"TX","DataVisibility":{"Private":false,"Hidden":false},"Configuration":{"QuestionDescriptionOption":"SpecifyLabel","TextPosition":"inline","LabelPosition":"BELOW"},"QuestionDescription":"spct_cp_support","Choices":{"1":{"Display":"Strongly oppose"},"5":{"Display":"Somewhat oppose"},"6":{"Display":"Neither support nor oppose"},"7":{"Display":"Somewhat support"},"8":{"Display":"Strongly support"}},"ChoiceOrder":["1","5","6","7","8"],"Validation":{"Settings":{"ForceResponse":"ON","ForceResponseType":"ON","Type":"None"}},"GradingData":[],"Language":[],"NextChoiceId":9,"NextAnswerId":6}},{"SurveyID":"SV_1Hu3SGwrlsGTbxA","Element":"SQ","PrimaryAttribute":"QID33","SecondaryAttribute":"sp_cp_support","TertiaryAttribute":null,"Payload":{"QuestionText":"Do you support or oppose <strong>a carbon tax of $120\u2009per tonne of\u2009CO2<\/strong>, meaning about <strong>$1 per gallon of gasoline<\/strong>?","DefaultChoices":false,"DataExportTag":"sp_cp_support","QuestionID":"QID33","QuestionType":"MC","Selector":"SAHR","SubSelector":"TX","DataVisibility":{"Private":false,"Hidden":false},"Configuration":{"QuestionDescriptionOption":"SpecifyLabel","TextPosition":"inline","LabelPosition":"BELOW"},"QuestionDescription":"sp_cp_support","Choices":{"9":{"Display":"Strongly oppose"},"10":{"Display":"Somewhat oppose"},"11":{"Display":"Neither support nor oppose"},"12":{"Display":"Somewhat support"},"13":{"Display":"Strongly suppport"}},"ChoiceOrder":["9","10","11","12","13"],"Validation":{"Settings":{"ForceResponse":"ON","ForceResponseType":"ON","Type":"None"}},"GradingData":[],"Language":[],"NextChoiceId":14,"NextAnswerId":6}},{"SurveyID":"SV_1Hu3SGwrlsGTbxA","Element":"SQ","PrimaryAttribute":"QID34","SecondaryAttribute":"The amount of the carbon tax is one of the dimensions that the US government could decide upon. A...","TertiaryAttribute":null,"Payload":{"QuestionText":"<div style=\"text-align: justify;\">The amount of the carbon tax is one of the dimensions that the US government could decide upon. As a reference, a recent report of the Environmental Protection Agency in 2023 estimates that a carbon tax of at least $120&thinsp;per tonne of&thinsp; CO2, meaning about $1.00 per gallon of gasoline, would account for the expected damages for the CO2 emissions and thus increase well-being (&ldquo;EPA Report on the Social Cost of Greenhouse Gases: Estimates Incorporating Recent Scientific Advances&rdquo;).<\/div>","DefaultChoices":false,"DataExportTag":"Vignette SP","QuestionType":"DB","Selector":"TB","DataVisibility":{"Private":false,"Hidden":false},"Configuration":{"QuestionDescriptionOption":"UseText"},"QuestionDescription":"The amount of the carbon tax is one of the dimensions that the US government could decide upon. A...","ChoiceOrder":[],"Validation":{"Settings":{"Type":"None"}},"GradingData":[],"Language":[],"NextChoiceId":4,"NextAnswerId":1,"QuestionID":"QID34"}},{"SurveyID":"SV_1Hu3SGwrlsGTbxA","Element":"SQ","PrimaryAttribute":"QID35","SecondaryAttribute":"The government could use a policy called a carbon tax with cash transfers. This means to compensa...","TertiaryAttribute":null,"Payload":{"QuestionText":"The government could use a policy called a <strong>carbon tax with cash transfers<\/strong>. This means to compensate households for the price increases. The revenues from the carbon tax would be redistributed to all households, regardless of their income.","DefaultChoices":false,"DataExportTag":"Vignette","QuestionType":"DB","Selector":"TB","DataVisibility":{"Private":false,"Hidden":false},"Configuration":{"QuestionDescriptionOption":"UseText"},"QuestionDescription":"The government could use a policy called a carbon tax with cash transfers. This means to compensa...","ChoiceOrder":[],"Validation":{"Settings":{"Type":"None"}},"GradingData":[],"Language":[],"NextChoiceId":4,"NextAnswerId":1,"QuestionID":"QID35"}},{"SurveyID":"SV_1Hu3SGwrlsGTbxA","Element":"SQ","PrimaryAttribute":"QID30","SecondaryAttribute":"vignette_support","TertiaryAttribute":null,"Payload":{"QuestionText":"<p style=\"text-align: justify\">To fight climate change, the US government can make greenhouse gas emissions costly, to make people and firms change their equipment and reduce their emissions. The government could do this through a policy called a carbon tax. Under such a policy, the government would tax all products that emit greenhouse gas. For example, this would increase the price of gasoline and other carbon-intensive goods.<\/p>","DefaultChoices":false,"DataExportTag":"vignette_support","QuestionType":"DB","Selector":"TB","DataVisibility":{"Private":false,"Hidden":false},"Configuration":{"QuestionDescriptionOption":"SpecifyLabel"},"QuestionDescription":"vignette_support","ChoiceOrder":[],"Validation":{"Settings":{"Type":"None"}},"GradingData":[],"Language":[],"NextChoiceId":4,"NextAnswerId":1,"QuestionID":"QID30"}},{"SurveyID":"SV_1Hu3SGwrlsGTbxA","Element":"SQ","PrimaryAttribute":"QID41","SecondaryAttribute":"w_agriculture","TertiaryAttribute":null,"Payload":{"QuestionText":"<p><\/p>","DefaultChoices":false,"DataExportTag":"w_agriculture","QuestionType":"Matrix","Selector":"Likert","SubSelector":"SingleAnswer","DataVisibility":{"Private":false,"Hidden":false},"Configuration":{"QuestionDescriptionOption":"SpecifyLabel","TextPosition":"inline","ChoiceColumnWidth":25,"RepeatHeaders":"none","WhiteSpace":"OFF","MobileFirst":true},"Choices":{"2":{"Display":"Lower agricultural production"}},"ChoiceOrder":["2"],"Validation":{"Settings":{"ForceResponse":"ON","ForceResponseType":"ON","Type":"None"}},"GradingData":[],"Language":[],"NextChoiceId":9,"NextAnswerId":6,"Answers":{"1":{"Display":"Very unlikely"},"2":{"Display":"Somewhat unlikely"},"3":{"Display":"Somewhat likely"},"4":{"Display":"Very likely"}},"AnswerOrder":["1","2","3","4"],"ChoiceDataExportTags":false,"QuestionID":"QID41","QuestionDescription":"w_agriculture"}},{"SurveyID":"SV_1Hu3SGwrlsGTbxA","Element":"SQ","PrimaryAttribute":"QID44","SecondaryAttribute":"w_conflicts","TertiaryAttribute":null,"Payload":{"QuestionText":"<p><\/p>","DefaultChoices":false,"DataExportTag":"w_conflicts","QuestionType":"Matrix","Selector":"Likert","SubSelector":"SingleAnswer","DataVisibility":{"Private":false,"Hidden":false},"Configuration":{"QuestionDescriptionOption":"SpecifyLabel","TextPosition":"inline","ChoiceColumnWidth":25,"RepeatHeaders":"none","WhiteSpace":"OFF","MobileFirst":true},"Choices":{"2":{"Display":"More armed conflicts"}},"ChoiceOrder":["2"],"Validation":{"Settings":{"ForceResponse":"ON","ForceResponseType":"ON","Type":"None"}},"GradingData":[],"Language":[],"NextChoiceId":9,"NextAnswerId":6,"Answers":{"1":{"Display":"Very unlikely"},"2":{"Display":"Somewhat unlikely"},"3":{"Display":"Somewhat likely"},"4":{"Display":"Very likely"}},"AnswerOrder":["1","2","3","4"],"ChoiceDataExportTags":false,"QuestionID":"QID44","QuestionDescription":"w_conflicts"}},{"SurveyID":"SV_1Hu3SGwrlsGTbxA","Element":"SQ","PrimaryAttribute":"QID38","SecondaryAttribute":"w_droughts","TertiaryAttribute":null,"Payload":{"QuestionText":"If nothing is done to limit climate change, how likely do you think it is that climate change will lead to the following events?","DefaultChoices":false,"DataExportTag":"w_droughts","QuestionType":"Matrix","Selector":"Likert","SubSelector":"SingleAnswer","DataVisibility":{"Private":false,"Hidden":false},"Configuration":{"QuestionDescriptionOption":"SpecifyLabel","TextPosition":"inline","ChoiceColumnWidth":25,"RepeatHeaders":"none","WhiteSpace":"OFF","MobileFirst":true},"QuestionDescription":"w_droughts","Choices":{"2":{"Display":"Severe droughts and heatwaves"}},"ChoiceOrder":["2"],"Validation":{"Settings":{"ForceResponse":"ON","ForceResponseType":"ON","Type":"None"}},"GradingData":[],"Language":[],"NextChoiceId":9,"NextAnswerId":6,"Answers":{"1":{"Display":"Very unlikely"},"2":{"Display":"Somewhat unlikely"},"3":{"Display":"Somewhat likely"},"4":{"Display":"Very likely"}},"AnswerOrder":["1","2","3","4"],"ChoiceDataExportTags":false,"QuestionID":"QID38"}},{"SurveyID":"SV_1Hu3SGwrlsGTbxA","Element":"SQ","PrimaryAttribute":"QID39","SecondaryAttribute":"w_erruptions","TertiaryAttribute":null,"Payload":{"QuestionText":"<p><\/p>","DefaultChoices":false,"DataExportTag":"w_erruptions","QuestionType":"Matrix","Selector":"Likert","SubSelector":"SingleAnswer","DataVisibility":{"Private":false,"Hidden":false},"Configuration":{"QuestionDescriptionOption":"SpecifyLabel","TextPosition":"inline","ChoiceColumnWidth":25,"RepeatHeaders":"none","WhiteSpace":"OFF","MobileFirst":true},"QuestionDescription":"w_erruptions","Choices":{"2":{"Display":"More frequent volcanic eruptions"}},"ChoiceOrder":["2"],"Validation":{"Settings":{"ForceResponse":"ON","ForceResponseType":"ON","Type":"None"}},"GradingData":[],"Language":[],"NextChoiceId":9,"NextAnswerId":6,"Answers":{"1":{"Display":"Very unlikely"},"2":{"Display":"Somewhat unlikely"},"3":{"Display":"Somewhat likely"},"4":{"Display":"Very likely"}},"AnswerOrder":["1","2","3","4"],"ChoiceDataExportTags":false,"QuestionID":"QID39"}},{"SurveyID":"SV_1Hu3SGwrlsGTbxA","Element":"SQ","PrimaryAttribute":"QID45","SecondaryAttribute":"w_extinction","TertiaryAttribute":null,"Payload":{"QuestionText":"<p><\/p>","DefaultChoices":false,"DataExportTag":"w_extinction","QuestionType":"Matrix","Selector":"Likert","SubSelector":"SingleAnswer","DataVisibility":{"Private":false,"Hidden":false},"Configuration":{"QuestionDescriptionOption":"SpecifyLabel","TextPosition":"inline","ChoiceColumnWidth":25,"RepeatHeaders":"none","WhiteSpace":"OFF","MobileFirst":true},"Choices":{"2":{"Display":"Extinction of humankind"}},"ChoiceOrder":["2"],"Validation":{"Settings":{"ForceResponse":"ON","ForceResponseType":"ON","Type":"None"}},"GradingData":[],"Language":[],"NextChoiceId":9,"NextAnswerId":6,"Answers":{"1":{"Display":"Very unlikely"},"2":{"Display":"Somewhat unlikely"},"3":{"Display":"Somewhat likely"},"4":{"Display":"Very likely"}},"AnswerOrder":["1","2","3","4"],"ChoiceDataExportTags":false,"QuestionID":"QID45","QuestionDescription":"w_extinction"}},{"SurveyID":"SV_1Hu3SGwrlsGTbxA","Element":"SQ","PrimaryAttribute":"QID42","SecondaryAttribute":"w_livingstandards","TertiaryAttribute":null,"Payload":{"QuestionText":"<p><\/p>","DefaultChoices":false,"DataExportTag":"w_livingstandards","QuestionType":"Matrix","Selector":"Likert","SubSelector":"SingleAnswer","DataVisibility":{"Private":false,"Hidden":false},"Configuration":{"QuestionDescriptionOption":"SpecifyLabel","TextPosition":"inline","ChoiceColumnWidth":25,"RepeatHeaders":"none","WhiteSpace":"OFF","MobileFirst":true},"Choices":{"2":{"Display":"Drop in standards of living"}},"ChoiceOrder":["2"],"Validation":{"Settings":{"ForceResponse":"ON","ForceResponseType":"ON","Type":"None"}},"GradingData":[],"Language":[],"NextChoiceId":9,"NextAnswerId":6,"Answers":{"1":{"Display":"Very unlikely"},"2":{"Display":"Somewhat unlikely"},"3":{"Display":"Somewhat likely"},"4":{"Display":"Very likely"}},"AnswerOrder":["1","2","3","4"],"ChoiceDataExportTags":false,"QuestionID":"QID42","QuestionDescription":"w_livingstandards"}},{"SurveyID":"SV_1Hu3SGwrlsGTbxA","Element":"SQ","PrimaryAttribute":"QID43","SecondaryAttribute":"w_migration","TertiaryAttribute":null,"Payload":{"QuestionText":"<p><\/p>","DefaultChoices":false,"DataExportTag":"w_migration","QuestionType":"Matrix","Selector":"Likert","SubSelector":"SingleAnswer","DataVisibility":{"Private":false,"Hidden":false},"Configuration":{"QuestionDescriptionOption":"SpecifyLabel","TextPosition":"inline","ChoiceColumnWidth":25,"RepeatHeaders":"none","WhiteSpace":"OFF","MobileFirst":true},"Choices":{"2":{"Display":"Larger migration flows"}},"ChoiceOrder":["2"],"Validation":{"Settings":{"ForceResponse":"ON","ForceResponseType":"ON","Type":"None"}},"GradingData":[],"Language":[],"NextChoiceId":9,"NextAnswerId":6,"Answers":{"1":{"Display":"Very unlikely"},"2":{"Display":"Somewhat unlikely"},"3":{"Display":"Somewhat likely"},"4":{"Display":"Very likely"}},"AnswerOrder":["1","2","3","4"],"ChoiceDataExportTags":false,"QuestionID":"QID43","QuestionDescription":"w_migration"}},{"SurveyID":"SV_1Hu3SGwrlsGTbxA","Element":"SQ","PrimaryAttribute":"QID40","SecondaryAttribute":"w_sealevels","TertiaryAttribute":null,"Payload":{"QuestionText":"<p><\/p>","DefaultChoices":false,"DataExportTag":"w_sealevels","QuestionType":"Matrix","Selector":"Likert","SubSelector":"SingleAnswer","DataVisibility":{"Private":false,"Hidden":false},"Configuration":{"QuestionDescriptionOption":"SpecifyLabel","TextPosition":"inline","ChoiceColumnWidth":25,"RepeatHeaders":"none","WhiteSpace":"OFF","MobileFirst":true},"Choices":{"2":{"Display":"Rising sea levels"}},"ChoiceOrder":["2"],"Validation":{"Settings":{"ForceResponse":"ON","ForceResponseType":"ON","Type":"None"}},"GradingData":[],"Language":[],"NextChoiceId":9,"NextAnswerId":6,"Answers":{"1":{"Display":"Very unlikely"},"2":{"Display":"Somewhat unlikely"},"3":{"Display":"Somewhat likely"},"4":{"Display":"Very likely"}},"AnswerOrder":["1","2","3","4"],"ChoiceDataExportTags":false,"QuestionID":"QID40","QuestionDescription":"w_sealevels"}},{"SurveyID":"SV_1Hu3SGwrlsGTbxA","Element":"SQ","PrimaryAttribute":"QID1","SecondaryAttribute":"You reached the last part of the study. Before we proceed with your final payment, we have severa...","TertiaryAttribute":null,"Payload":{"QuestionText":"You reached the last part of the study. Before we proceed with your final payment, we have several short questions on the following pages (estimated length: 5-7 minutes). ","DefaultChoices":false,"DataExportTag":"transition","QuestionID":"QID1","QuestionType":"DB","Selector":"TB","DataVisibility":{"Private":false,"Hidden":false},"Configuration":{"QuestionDescriptionOption":"UseText"},"QuestionDescription":"You reached the last part of the study. Before we proceed with your final payment, we have severa...","ChoiceOrder":[],"Validation":{"Settings":{"Type":"None"}},"GradingData":[],"Language":[],"NextChoiceId":4,"NextAnswerId":1}}]}